{
  "nodes": {
    "brew-src": {
      "flake": false,
      "locked": {
        "lastModified": 1769363988,
        "narHash": "sha256-BiGPeulrDVetXP+tjxhMcGLUROZAtZIhU5m4MqawCfM=",
        "owner": "Homebrew",
        "repo": "brew",
        "rev": "d01011cac6d72032c75fd2cd9489909e95d9faf2",
        "type": "github"
      },
      "original": {
        "owner": "Homebrew",
        "ref": "5.0.12",
        "repo": "brew",
        "type": "github"
      }
    },
    "flake-utils": {
      "inputs": {
        "systems": "systems"
      },
      "locked": {
        "lastModified": 1731533236,
        "narHash": "sha256-l0KFg5HjrsfsO/JpG+r7fRrqm12kzFHyUHqHCVpMMbI=",
        "owner": "numtide",
        "repo": "flake-utils",
        "rev": "11707dc2f618dd54ca8739b309ec4fc024de578b",
        "type": "github"
      },
      "original": {
        "owner": "numtide",
        "repo": "flake-utils",
        "type": "github"
      }
    },
    "fuse-t-cask": {
      "flake": false,
      "locked": {
        "lastModified": 1773570146,
        "narHash": "sha256-OHf5QeKQuO0E5cqqk7kp+eTVgKQmdx6oDfIDxbbFDfk=",
        "owner": "macos-fuse-t",
        "repo": "homebrew-cask",
        "rev": "b875611ae5bfde577fb3f1707445668d6c548e2b",
        "type": "github"
      },
      "original": {
        "owner": "macos-fuse-t",
        "repo": "homebrew-cask",
        "type": "github"
      }
    },
    "homebrew-cask": {
      "flake": false,
      "locked": {
        "lastModified": 1774363420,
        "narHash": "sha256-rLV0+ejAmMsItpZhh9MHlzOn/MNKpf/eW407tVeai24=",
        "owner": "homebrew",
        "repo": "homebrew-cask",
        "rev": "762c142d757cc8d7410fb2fb5688e91ce546ef0a",
        "type": "github"
      },
      "original": {
        "owner": "homebrew",
        "repo": "homebrew-cask",
        "type": "github"
      }
    },
    "homebrew-core": {
      "flake": false,
      "locked": {
        "lastModified": 1774362766,
        "narHash": "sha256-lZ1a/zek8R+xFBBAtj4/DyeETTzHbGOvljQuVtefn1U=",
        "owner": "homebrew",
        "repo": "homebrew-core",
        "rev": "ca40fd76399741d502eafb9775b51e59f59842ef",
        "type": "github"
      },
      "original": {
        "owner": "homebrew",
        "repo": "homebrew-core",
        "type": "github"
      }
    },
    "jjui": {
      "locked": {
        "lastModified": 1760990119,
        "narHash": "sha256-J7RpCX9Vx7soIpEE8ucuz/i0fAR4n2dlk2/PWNm7ShY=",
        "owner": "NixOS",
        "repo": "nixpkgs",
        "rev": "7b11c30dad895c0e18ffa60c02c64fc0e89b5723",
        "type": "github"
      },
      "original": {
        "owner": "NixOS",
        "repo": "nixpkgs",
        "rev": "7b11c30dad895c0e18ffa60c02c64fc0e89b5723",
        "type": "github"
      }
    },
    "mise": {
      "inputs": {
        "flake-utils": "flake-utils",
        "nixpkgs": [
          "nixpkgs"
        ]
      },
      "locked": {
        "lastModified": 1772359508,
        "narHash": "sha256-AgJCexO0bocuFmx+I9mJuk9wFbe5r2Rrtz/+ISeBYI4=",
        "owner": "jdx",
        "repo": "mise",
        "rev": "67bbc2644a546dff264aae0b119c48c475fd7b1a",
        "type": "github"
      },
      "original": {
        "owner": "jdx",
        "ref": "v2026.2.24",
        "repo": "mise",
        "type": "github"
      }
    },
    "nix-darwin": {
      "inputs": {
        "nixpkgs": [
          "nixpkgs"
        ]
      },
      "locked": {
        "lastModified": 1773000227,
        "narHash": "sha256-zm3ftUQw0MPumYi91HovoGhgyZBlM4o3Zy0LhPNwzXE=",
        "owner": "LnL7",
        "repo": "nix-darwin",
        "rev": "da529ac9e46f25ed5616fd634079a5f3c579135f",
        "type": "github"
      },
      "original": {
        "owner": "LnL7",
        "repo": "nix-darwin",
        "type": "github"
      }
    },
    "nix-homebrew": {
      "inputs": {
        "brew-src": "brew-src"
      },
      "locked": {
        "lastModified": 1769437432,
        "narHash": "sha256-8d7KnCpT2LweRvSzZYEGd9IM3eFX+A78opcnDM0+ndk=",
        "owner": "zhaofengli",
        "repo": "nix-homebrew",
        "rev": "a5409abd0d5013d79775d3419bcac10eacb9d8c5",
        "type": "github"
      },
      "original": {
        "owner": "zhaofengli",
        "repo": "nix-homebrew",
        "type": "github"
      }
    },
    "nixpkgs": {
      "locked": {
        "lastModified": 1767364772,
        "narHash": "sha256-fFUnEYMla8b7UKjijLnMe+oVFOz6HjijGGNS1l7dYaQ=",
        "owner": "NixOS",
        "repo": "nixpkgs",
        "rev": "16c7794d0a28b5a37904d55bcca36003b9109aaa",
        "type": "github"
      },
      "original": {
        "owner": "NixOS",
        "ref": "nixpkgs-unstable",
        "repo": "nixpkgs",
        "type": "github"
      }
    },
    "rift-tap": {
      "flake": false,
      "locked": {
        "lastModified": 1772545829,
        "narHash": "sha256-0MWSfKfjvYRnK/454uujK6AriDysdLLmVs5gJHKfHV8=",
        "owner": "acsandmann",
        "repo": "homebrew-tap",
        "rev": "1841f611b221a5a69e534332e987930c073a5aa4",
        "type": "github"
      },
      "original": {
        "owner": "acsandmann",
        "repo": "homebrew-tap",
        "type": "github"
      }
    },
    "root": {
      "inputs": {
        "fuse-t-cask": "fuse-t-cask",
        "homebrew-cask": "homebrew-cask",
        "homebrew-core": "homebrew-core",
        "jjui": "jjui",
        "mise": "mise",
        "nix-darwin": "nix-darwin",
        "nix-homebrew": "nix-homebrew",
        "nixpkgs": "nixpkgs",
        "rift-tap": "rift-tap",
        "zmx-tap": "zmx-tap",
        "zsm-tap": "zsm-tap"
      }
    },
    "systems": {
      "locked": {
        "lastModified": 1681028828,
        "narHash": "sha256-Vy1rq5AaRuLzOxct8nz4T6wlgyUR7zLU309k9mBC768=",
        "owner": "nix-systems",
        "repo": "default",
        "rev": "da67096a3b9bf56a91d16901293e51ba5b49a27e",
        "type": "github"
      },
      "original": {
        "owner": "nix-systems",
        "repo": "default",
        "type": "github"
      }
    },
    "zmx-tap": {
      "flake": false,
      "locked": {
        "lastModified": 1773885796,
        "narHash": "sha256-B6pVZae6lnjRBMfrbpBrxoItCclUT8+WJeXcKY5WM1g=",
        "owner": "neurosnap",
        "repo": "homebrew-tap",
        "rev": "89ba44acd5ea60f5786f6080a1e1eaf72d8795fe",
        "type": "github"
      },
      "original": {
        "owner": "neurosnap",
        "repo": "homebrew-tap",
        "type": "github"
      }
    },
    "zsm-tap": {
      "flake": false,
      "locked": {
        "lastModified": 1774043422,
        "narHash": "sha256-Q3i6eKt3AP+g/vQsnYzQvmFyrjvn3Q14huuX4nF3SSk=",
        "owner": "mdsakalu",
        "repo": "homebrew-tap",
        "rev": "723744c4d0beb28c91f8cc80684864e5e475e91c",
        "type": "github"
      },
      "original": {
        "owner": "mdsakalu",
        "repo": "homebrew-tap",
        "type": "github"
      }
    }
  },
  "root": "root",
  "version": 7
}
